
Microsoft Visual Studio Solution File, Format Version 12.00
# Visual Studio 15
Project("{FAE04EC0-301F-11D3-BF4B-00C04F79EFBC}") = "Assembly-CSharp", "Assembly-CSharp.csproj", "{454FD337-2DF6-A9D6-7C87-A17DAB89710E}"
EndProject
Global
	GlobalSection(SolutionConfigurationPlatforms) = preSolution
		Debug|Any CPU = Debug|Any CPU
		Release|Any CPU = Release|Any CPU
	EndGlobalSection
	GlobalSection(ProjectConfigurationPlatforms) = postSolution
		{454FD337-2DF6-A9D6-7C87-A17DAB89710E}.Debug|Any CPU.ActiveCfg = Debug|Any CPU
		{454FD337-2DF6-A9D6-7C87-A17DAB89710E}.Debug|Any CPU.Build.0 = Debug|Any CPU
		{454FD337-2DF6-A9D6-7C87-A17DAB89710E}.Release|Any CPU.ActiveCfg = Release|Any CPU
		{454FD337-2DF6-A9D6-7C87-A17DAB89710E}.Release|Any CPU.Build.0 = Release|Any CPU
	EndGlobalSection
	GlobalSection(SolutionProperties) = preSolution
		HideSolutionNode = FALSE
	EndGlobalSection
EndGlobal
